
Microsoft Visual Studio Solution File, Format Version 12.00
# Visual Studio Version 17
VisualStudioVersion = 17.9.34728.123
MinimumVisualStudioVersion = 10.0.40219.1
Project("{FAE04EC0-301F-11D3-BF4B-00C04F79EFBC}") = "OficinaDeSeguros", "OficinaDeSeguros\OficinaDeSeguros.csproj", "{932FD721-D43D-4970-9C91-E6802E01E419}"
EndProject
Global
	GlobalSection(SolutionConfigurationPlatforms) = preSolution
		Debug|Any CPU = Debug|Any CPU
		Release|Any CPU = Release|Any CPU
	EndGlobalSection
	GlobalSection(ProjectConfigurationPlatforms) = postSolution
		{932FD721-D43D-4970-9C91-E6802E01E419}.Debug|Any CPU.ActiveCfg = Debug|Any CPU
		{932FD721-D43D-4970-9C91-E6802E01E419}.Debug|Any CPU.Build.0 = Debug|Any CPU
		{932FD721-D43D-4970-9C91-E6802E01E419}.Release|Any CPU.ActiveCfg = Release|Any CPU
		{932FD721-D43D-4970-9C91-E6802E01E419}.Release|Any CPU.Build.0 = Release|Any CPU
	EndGlobalSection
	GlobalSection(SolutionProperties) = preSolution
		HideSolutionNode = FALSE
	EndGlobalSection
	GlobalSection(ExtensibilityGlobals) = postSolution
		SolutionGuid = {CF6F7DEB-4748-4A24-9C00-89A69E6C9893}
	EndGlobalSection
EndGlobal
